PODS:
  - GoogleAPIClientForREST/Core (1.2.1):
    - GTMSessionFetcher (>= 1.1.7)
  - GoogleAPIClientForREST/YouTube (1.2.1):
    - GoogleAPIClientForREST/Core
    - GTMSessionFetcher (>= 1.1.7)
  - GTMSessionFetcher (1.2.1):
    - GTMSessionFetcher/Full (= 1.2.1)
  - GTMSessionFetcher/Core (1.2.1)
  - GTMSessionFetcher/Full (1.2.1):
    - GTMSessionFetcher/Core (= 1.2.1)
  - SnapKit (4.2.0)

DEPENDENCIES:
  - GoogleAPIClientForREST/YouTube (~> 1.2.1)
  - SnapKit (~> 4.0)

SPEC REPOS:
  https://github.com/CocoaPods/Specs.git:
    - GoogleAPIClientForREST
    - GTMSessionFetcher
    - SnapKit

SPEC CHECKSUMS:
  GoogleAPIClientForREST: a8b95a252014ce2e618df6b75dc72eca2c00b4af
  GTMSessionFetcher: 32aeca0aa144acea523e1c8e053089dec2cb98ca
  SnapKit: fe8a619752f3f27075cc9a90244d75c6c3f27e2a

PODFILE CHECKSUM: a097705c56525e8235c716520b66375ce5d30273

COCOAPODS: 1.8.4
